// !$*UTF8*$!
{
	archiveVersion = 1;
	classes = {
	};
	objectVersion = 52;
	objects = {

/* Begin PBXBuildFile section */
		AF59E8D224D028D100302F94 /* AppDelegate.swift in Sources */ = {isa = PBXBuildFile; fileRef = AF59E8D124D028D100302F94 /* AppDelegate.swift */; };
		AF59E8D424D028D100302F94 /* SceneDelegate.swift in Sources */ = {isa = PBXBuildFile; fileRef = AF59E8D324D028D100302F94 /* SceneDelegate.swift */; };
		AF59E8D624D028D100302F94 /* ContentView.swift in Sources */ = {isa = PBXBuildFile; fileRef = AF59E8D524D028D100302F94 /* ContentView.swift */; };
		AF59E8D824D028D600302F94 /* Assets.xcassets in Resources */ = {isa = PBXBuildFile; fileRef = AF59E8D724D028D600302F94 /* Assets.xcassets */; };
		AF59E8DB24D028D600302F94 /* Preview Assets.xcassets in Resources */ = {isa = PBXBuildFile; fileRef = AF59E8DA24D028D600302F94 /* Preview Assets.xcassets */; };
		AF59E8DE24D028D600302F94 /* LaunchScreen.storyboard in Resources */ = {isa = PBXBuildFile; fileRef = AF59E8DC24D028D600302F94 /* LaunchScreen.storyboard */; };
		AF59E8E924D028D700302F94 /* YAPAPPTests.swift in Sources */ = {isa = PBXBuildFile; fileRef = AF59E8E824D028D700302F94 /* YAPAPPTests.swift */; };
		AF59E8F424D028D700302F94 /* YAPAPPUITests.swift in Sources */ = {isa = PBXBuildFile; fileRef = AF59E8F324D028D700302F94 /* YAPAPPUITests.swift */; };
		AF59E90324D0356100302F94 /* SDWebImageSwiftUI in Frameworks */ = {isa = PBXBuildFile; productRef = AF59E90224D0356100302F94 /* SDWebImageSwiftUI */; };
		AF59E90524D037B200302F94 /* FlickrPhotosSearchRoot.swift in Sources */ = {isa = PBXBuildFile; fileRef = AF59E90424D037B200302F94 /* FlickrPhotosSearchRoot.swift */; };
		AF59E90924D03D2800302F94 /* FlickrEndpoint.swift in Sources */ = {isa = PBXBuildFile; fileRef = AF59E90824D03D2800302F94 /* FlickrEndpoint.swift */; };
		AF59E90B24D03ECA00302F94 /* FlickrPhotosSearchInteractor.swift in Sources */ = {isa = PBXBuildFile; fileRef = AF59E90A24D03ECA00302F94 /* FlickrPhotosSearchInteractor.swift */; };
		AF59E90D24D03F1100302F94 /* NetworkRequest.swift in Sources */ = {isa = PBXBuildFile; fileRef = AF59E90C24D03F1100302F94 /* NetworkRequest.swift */; };
		AF59E90F24D0498E00302F94 /* FlickrPhotosSearchPresenter.swift in Sources */ = {isa = PBXBuildFile; fileRef = AF59E90E24D0498E00302F94 /* FlickrPhotosSearchPresenter.swift */; };
		AF59E91124D053A600302F94 /* FlickrPhotoAlbumView.swift in Sources */ = {isa = PBXBuildFile; fileRef = AF59E91024D053A600302F94 /* FlickrPhotoAlbumView.swift */; };
		AFDA7AC524D276FC00AC6E1C /* FlickrAlbumView.swift in Sources */ = {isa = PBXBuildFile; fileRef = AFDA7AC424D276FC00AC6E1C /* FlickrAlbumView.swift */; };
/* End PBXBuildFile section */

/* Begin PBXContainerItemProxy section */
		AF59E8E524D028D700302F94 /* PBXContainerItemProxy */ = {
			isa = PBXContainerItemProxy;
			containerPortal = AF59E8C624D028D100302F94 /* Project object */;
			proxyType = 1;
			remoteGlobalIDString = AF59E8CD24D028D100302F94;
			remoteInfo = YAPAPP;
		};
		AF59E8F024D028D700302F94 /* PBXContainerItemProxy */ = {
			isa = PBXContainerItemProxy;
			containerPortal = AF59E8C624D028D100302F94 /* Project object */;
			proxyType = 1;
			remoteGlobalIDString = AF59E8CD24D028D100302F94;
			remoteInfo = YAPAPP;
		};
/* End PBXContainerItemProxy section */

/* Begin PBXFileReference section */
		AF59E8CE24D028D100302F94 /* YAPAPP.app */ = {isa = PBXFileReference; explicitFileType = wrapper.application; includeInIndex = 0; path = YAPAPP.app; sourceTree = BUILT_PRODUCTS_DIR; };
		AF59E8D124D028D100302F94 /* AppDelegate.swift */ = {isa = PBXFileReference; lastKnownFileType = sourcecode.swift; path = AppDelegate.swift; sourceTree = "<group>"; };
		AF59E8D324D028D100302F94 /* SceneDelegate.swift */ = {isa = PBXFileReference; lastKnownFileType = sourcecode.swift; path = SceneDelegate.swift; sourceTree = "<group>"; };
		AF59E8D524D028D100302F94 /* ContentView.swift */ = {isa = PBXFileReference; lastKnownFileType = sourcecode.swift; path = ContentView.swift; sourceTree = "<group>"; };
		AF59E8D724D028D600302F94 /* Assets.xcassets */ = {isa = PBXFileReference; lastKnownFileType = folder.assetcatalog; path = Assets.xcassets; sourceTree = "<group>"; };
		AF59E8DA24D028D600302F94 /* Preview Assets.xcassets */ = {isa = PBXFileReference; lastKnownFileType = folder.assetcatalog; path = "Preview Assets.xcassets"; sourceTree = "<group>"; };
		AF59E8DD24D028D600302F94 /* Base */ = {isa = PBXFileReference; lastKnownFileType = file.storyboard; name = Base; path = Base.lproj/LaunchScreen.storyboard; sourceTree = "<group>"; };
		AF59E8DF24D028D600302F94 /* Info.plist */ = {isa = PBXFileReference; lastKnownFileType = text.plist.xml; path = Info.plist; sourceTree = "<group>"; };
		AF59E8E424D028D700302F94 /* YAPAPPTests.xctest */ = {isa = PBXFileReference; explicitFileType = wrapper.cfbundle; includeInIndex = 0; path = YAPAPPTests.xctest; sourceTree = BUILT_PRODUCTS_DIR; };
		AF59E8E824D028D700302F94 /* YAPAPPTests.swift */ = {isa = PBXFileReference; lastKnownFileType = sourcecode.swift; path = YAPAPPTests.swift; sourceTree = "<group>"; };
		AF59E8EA24D028D700302F94 /* Info.plist */ = {isa = PBXFileReference; lastKnownFileType = text.plist.xml; path = Info.plist; sourceTree = "<group>"; };
		AF59E8EF24D028D700302F94 /* YAPAPPUITests.xctest */ = {isa = PBXFileReference; explicitFileType = wrapper.cfbundle; includeInIndex = 0; path = YAPAPPUITests.xctest; sourceTree = BUILT_PRODUCTS_DIR; };
		AF59E8F324D028D700302F94 /* YAPAPPUITests.swift */ = {isa = PBXFileReference; lastKnownFileType = sourcecode.swift; path = YAPAPPUITests.swift; sourceTree = "<group>"; };
		AF59E8F524D028D700302F94 /* Info.plist */ = {isa = PBXFileReference; lastKnownFileType = text.plist.xml; path = Info.plist; sourceTree = "<group>"; };
		AF59E90424D037B200302F94 /* FlickrPhotosSearchRoot.swift */ = {isa = PBXFileReference; lastKnownFileType = sourcecode.swift; path = FlickrPhotosSearchRoot.swift; sourceTree = "<group>"; };
		AF59E90824D03D2800302F94 /* FlickrEndpoint.swift */ = {isa = PBXFileReference; lastKnownFileType = sourcecode.swift; path = FlickrEndpoint.swift; sourceTree = "<group>"; };
		AF59E90A24D03ECA00302F94 /* FlickrPhotosSearchInteractor.swift */ = {isa = PBXFileReference; lastKnownFileType = sourcecode.swift; path = FlickrPhotosSearchInteractor.swift; sourceTree = "<group>"; };
		AF59E90C24D03F1100302F94 /* NetworkRequest.swift */ = {isa = PBXFileReference; lastKnownFileType = sourcecode.swift; path = NetworkRequest.swift; sourceTree = "<group>"; };
		AF59E90E24D0498E00302F94 /* FlickrPhotosSearchPresenter.swift */ = {isa = PBXFileReference; lastKnownFileType = sourcecode.swift; path = FlickrPhotosSearchPresenter.swift; sourceTree = "<group>"; };
		AF59E91024D053A600302F94 /* FlickrPhotoAlbumView.swift */ = {isa = PBXFileReference; lastKnownFileType = sourcecode.swift; path = FlickrPhotoAlbumView.swift; sourceTree = "<group>"; };
		AFDA7AC424D276FC00AC6E1C /* FlickrAlbumView.swift */ = {isa = PBXFileReference; lastKnownFileType = sourcecode.swift; path = FlickrAlbumView.swift; sourceTree = "<group>"; };
/* End PBXFileReference section */

/* Begin PBXFrameworksBuildPhase section */
		AF59E8CB24D028D100302F94 /* Frameworks */ = {
			isa = PBXFrameworksBuildPhase;
			buildActionMask = 2147483647;
			files = (
				AF59E90324D0356100302F94 /* SDWebImageSwiftUI in Frameworks */,
			);
			runOnlyForDeploymentPostprocessing = 0;
		};
		AF59E8E124D028D700302F94 /* Frameworks */ = {
			isa = PBXFrameworksBuildPhase;
			buildActionMask = 2147483647;
			files = (
			);
			runOnlyForDeploymentPostprocessing = 0;
		};
		AF59E8EC24D028D700302F94 /* Frameworks */ = {
			isa = PBXFrameworksBuildPhase;
			buildActionMask = 2147483647;
			files = (
			);
			runOnlyForDeploymentPostprocessing = 0;
		};
/* End PBXFrameworksBuildPhase section */

/* Begin PBXGroup section */
		AF59E8C524D028D100302F94 = {
			isa = PBXGroup;
			children = (
				AF59E8D024D028D100302F94 /* YAPAPP */,
				AF59E8E724D028D700302F94 /* YAPAPPTests */,
				AF59E8F224D028D700302F94 /* YAPAPPUITests */,
				AF59E8CF24D028D100302F94 /* Products */,
			);
			sourceTree = "<group>";
		};
		AF59E8CF24D028D100302F94 /* Products */ = {
			isa = PBXGroup;
			children = (
				AF59E8CE24D028D100302F94 /* YAPAPP.app */,
				AF59E8E424D028D700302F94 /* YAPAPPTests.xctest */,
				AF59E8EF24D028D700302F94 /* YAPAPPUITests.xctest */,
			);
			name = Products;
			sourceTree = "<group>";
		};
		AF59E8D024D028D100302F94 /* YAPAPP */ = {
			isa = PBXGroup;
			children = (
				AF59E8D124D028D100302F94 /* AppDelegate.swift */,
				AF59E8D324D028D100302F94 /* SceneDelegate.swift */,
				AF59E8D524D028D100302F94 /* ContentView.swift */,
				AF59E8D724D028D600302F94 /* Assets.xcassets */,
				AF59E8DC24D028D600302F94 /* LaunchScreen.storyboard */,
				AF59E8DF24D028D600302F94 /* Info.plist */,
				AF59E8D924D028D600302F94 /* Preview Content */,
				AF59E90724D03A0000302F94 /* FlickrGallery */,
				AF59E90624D039EC00302F94 /* Network */,
			);
			path = YAPAPP;
			sourceTree = "<group>";
		};
		AF59E8D924D028D600302F94 /* Preview Content */ = {
			isa = PBXGroup;
			children = (
				AF59E8DA24D028D600302F94 /* Preview Assets.xcassets */,
			);
			path = "Preview Content";
			sourceTree = "<group>";
		};
		AF59E8E724D028D700302F94 /* YAPAPPTests */ = {
			isa = PBXGroup;
			children = (
				AF59E8E824D028D700302F94 /* YAPAPPTests.swift */,
				AF59E8EA24D028D700302F94 /* Info.plist */,
			);
			path = YAPAPPTests;
			sourceTree = "<group>";
		};
		AF59E8F224D028D700302F94 /* YAPAPPUITests */ = {
			isa = PBXGroup;
			children = (
				AF59E8F324D028D700302F94 /* YAPAPPUITests.swift */,
				AF59E8F524D028D700302F94 /* Info.plist */,
			);
			path = YAPAPPUITests;
			sourceTree = "<group>";
		};
		AF59E90624D039EC00302F94 /* Network */ = {
			isa = PBXGroup;
			children = (
				AF59E90824D03D2800302F94 /* FlickrEndpoint.swift */,
				AF59E90C24D03F1100302F94 /* NetworkRequest.swift */,
			);
			path = Network;
			sourceTree = "<group>";
		};
		AF59E90724D03A0000302F94 /* FlickrGallery */ = {
			isa = PBXGroup;
			children = (
				AF59E90424D037B200302F94 /* FlickrPhotosSearchRoot.swift */,
				AF59E90A24D03ECA00302F94 /* FlickrPhotosSearchInteractor.swift */,
				AF59E90E24D0498E00302F94 /* FlickrPhotosSearchPresenter.swift */,
				AF59E91024D053A600302F94 /* FlickrPhotoAlbumView.swift */,
				AFDA7AC424D276FC00AC6E1C /* FlickrAlbumView.swift */,
			);
			path = FlickrGallery;
			sourceTree = "<group>";
		};
/* End PBXGroup section */

/* Begin PBXNativeTarget section */
		AF59E8CD24D028D100302F94 /* YAPAPP */ = {
			isa = PBXNativeTarget;
			buildConfigurationList = AF59E8F824D028D700302F94 /* Build configuration list for PBXNativeTarget "YAPAPP" */;
			buildPhases = (
				AF59E8CA24D028D100302F94 /* Sources */,
				AF59E8CB24D028D100302F94 /* Frameworks */,
				AF59E8CC24D028D100302F94 /* Resources */,
			);
			buildRules = (
			);
			dependencies = (
			);
			name = YAPAPP;
			packageProductDependencies = (
				AF59E90224D0356100302F94 /* SDWebImageSwiftUI */,
			);
			productName = YAPAPP;
			productReference = AF59E8CE24D028D100302F94 /* YAPAPP.app */;
			productType = "com.apple.product-type.application";
		};
		AF59E8E324D028D700302F94 /* YAPAPPTests */ = {
			isa = PBXNativeTarget;
			buildConfigurationList = AF59E8FB24D028D700302F94 /* Build configuration list for PBXNativeTarget "YAPAPPTests" */;
			buildPhases = (
				AF59E8E024D028D700302F94 /* Sources */,
				AF59E8E124D028D700302F94 /* Frameworks */,
				AF59E8E224D028D700302F94 /* Resources */,
			);
			buildRules = (
			);
			dependencies = (
				AF59E8E624D028D700302F94 /* PBXTargetDependency */,
			);
			name = YAPAPPTests;
			productName = YAPAPPTests;
			productReference = AF59E8E424D028D700302F94 /* YAPAPPTests.xctest */;
			productType = "com.apple.product-type.bundle.unit-test";
		};
		AF59E8EE24D028D700302F94 /* YAPAPPUITests */ = {
			isa = PBXNativeTarget;
			buildConfigurationList = AF59E8FE24D028D700302F94 /* Build configuration list for PBXNativeTarget "YAPAPPUITests" */;
			buildPhases = (
				AF59E8EB24D028D700302F94 /* Sources */,
				AF59E8EC24D028D700302F94 /* Frameworks */,
				AF59E8ED24D028D700302F94 /* Resources */,
			);
			buildRules = (
			);
			dependencies = (
				AF59E8F124D028D700302F94 /* PBXTargetDependency */,
			);
			name = YAPAPPUITests;
			productName = YAPAPPUITests;
			productReference = AF59E8EF24D028D700302F94 /* YAPAPPUITests.xctest */;
			productType = "com.apple.product-type.bundle.ui-testing";
		};
/* End PBXNativeTarget section */

/* Begin PBXProject section */
		AF59E8C624D028D100302F94 /* Project object */ = {
			isa = PBXProject;
			attributes = {
				LastSwiftUpdateCheck = 1160;
				LastUpgradeCheck = 1160;
				ORGANIZATIONNAME = "Himanshu Tantia";
				TargetAttributes = {
					AF59E8CD24D028D100302F94 = {
						CreatedOnToolsVersion = 11.6;
					};
					AF59E8E324D028D700302F94 = {
						CreatedOnToolsVersion = 11.6;
						TestTargetID = AF59E8CD24D028D100302F94;
					};
					AF59E8EE24D028D700302F94 = {
						CreatedOnToolsVersion = 11.6;
						TestTargetID = AF59E8CD24D028D100302F94;
					};
				};
			};
			buildConfigurationList = AF59E8C924D028D100302F94 /* Build configuration list for PBXProject "YAPAPP" */;
			compatibilityVersion = "Xcode 9.3";
			developmentRegion = en;
			hasScannedForEncodings = 0;
			knownRegions = (
				en,
				Base,
			);
			mainGroup = AF59E8C524D028D100302F94;
			packageReferences = (
				AF59E90124D0356100302F94 /* XCRemoteSwiftPackageReference "SDWebImageSwiftUI" */,
			);
			productRefGroup = AF59E8CF24D028D100302F94 /* Products */;
			projectDirPath = "";
			projectRoot = "";
			targets = (
				AF59E8CD24D028D100302F94 /* YAPAPP */,
				AF59E8E324D028D700302F94 /* YAPAPPTests */,
				AF59E8EE24D028D700302F94 /* YAPAPPUITests */,
			);
		};
/* End PBXProject section */

/* Begin PBXResourcesBuildPhase section */
		AF59E8CC24D028D100302F94 /* Resources */ = {
			isa = PBXResourcesBuildPhase;
			buildActionMask = 2147483647;
			files = (
				AF59E8DE24D028D600302F94 /* LaunchScreen.storyboard in Resources */,
				AF59E8DB24D028D600302F94 /* Preview Assets.xcassets in Resources */,
				AF59E8D824D028D600302F94 /* Assets.xcassets in Resources */,
			);
			runOnlyForDeploymentPostprocessing = 0;
		};
		AF59E8E224D028D700302F94 /* Resources */ = {
			isa = PBXResourcesBuildPhase;
			buildActionMask = 2147483647;
			files = (
			);
			runOnlyForDeploymentPostprocessing = 0;
		};
		AF59E8ED24D028D700302F94 /* Resources */ = {
			isa = PBXResourcesBuildPhase;
			buildActionMask = 2147483647;
			files = (
			);
			runOnlyForDeploymentPostprocessing = 0;
		};
/* End PBXResourcesBuildPhase section */

/* Begin PBXSourcesBuildPhase section */
		AF59E8CA24D028D100302F94 /* Sources */ = {
			isa = PBXSourcesBuildPhase;
			buildActionMask = 2147483647;
			files = (
				AF59E91124D053A600302F94 /* FlickrPhotoAlbumView.swift in Sources */,
				AF59E90524D037B200302F94 /* FlickrPhotosSearchRoot.swift in Sources */,
				AF59E8D224D028D100302F94 /* AppDelegate.swift in Sources */,
				AF59E8D424D028D100302F94 /* SceneDelegate.swift in Sources */,
				AF59E90924D03D2800302F94 /* FlickrEndpoint.swift in Sources */,
				AF59E90D24D03F1100302F94 /* NetworkRequest.swift in Sources */,
				AF59E90B24D03ECA00302F94 /* FlickrPhotosSearchInteractor.swift in Sources */,
				AFDA7AC524D276FC00AC6E1C /* FlickrAlbumView.swift in Sources */,
				AF59E90F24D0498E00302F94 /* FlickrPhotosSearchPresenter.swift in Sources */,
				AF59E8D624D028D100302F94 /* ContentView.swift in Sources */,
			);
			runOnlyForDeploymentPostprocessing = 0;
		};
		AF59E8E024D028D700302F94 /* Sources */ = {
			isa = PBXSourcesBuildPhase;
			buildActionMask = 2147483647;
			files = (
				AF59E8E924D028D700302F94 /* YAPAPPTests.swift in Sources */,
			);
			runOnlyForDeploymentPostprocessing = 0;
		};
		AF59E8EB24D028D700302F94 /* Sources */ = {
			isa = PBXSourcesBuildPhase;
			buildActionMask = 2147483647;
			files = (
				AF59E8F424D028D700302F94 /* YAPAPPUITests.swift in Sources */,
			);
			runOnlyForDeploymentPostprocessing = 0;
		};
/* End PBXSourcesBuildPhase section */

/* Begin PBXTargetDependency section */
		AF59E8E624D028D700302F94 /* PBXTargetDependency */ = {
			isa = PBXTargetDependency;
			target = AF59E8CD24D028D100302F94 /* YAPAPP */;
			targetProxy = AF59E8E524D028D700302F94 /* PBXContainerItemProxy */;
		};
		AF59E8F124D028D700302F94 /* PBXTargetDependency */ = {
			isa = PBXTargetDependency;
			target = AF59E8CD24D028D100302F94 /* YAPAPP */;
			targetProxy = AF59E8F024D028D700302F94 /* PBXContainerItemProxy */;
		};
/* End PBXTargetDependency section */

/* Begin PBXVariantGroup section */
		AF59E8DC24D028D600302F94 /* LaunchScreen.storyboard */ = {
			isa = PBXVariantGroup;
			children = (
				AF59E8DD24D028D600302F94 /* Base */,
			);
			name = LaunchScreen.storyboard;
			sourceTree = "<group>";
		};
/* End PBXVariantGroup section */

/* Begin XCBuildConfiguration section */
		AF59E8F624D028D700302F94 /* Debug */ = {
			isa = XCBuildConfiguration;
			buildSettings = {
				ALWAYS_SEARCH_USER_PATHS = NO;
				CLANG_ANALYZER_NONNULL = YES;
				CLANG_ANALYZER_NUMBER_OBJECT_CONVERSION = YES_AGGRESSIVE;
				CLANG_CXX_LANGUAGE_STANDARD = "gnu++14";
				CLANG_CXX_LIBRARY = "libc++";
				CLANG_ENABLE_MODULES = YES;
				CLANG_ENABLE_OBJC_ARC = YES;
				CLANG_ENABLE_OBJC_WEAK = YES;
				CLANG_WARN_BLOCK_CAPTURE_AUTORELEASING = YES;
				CLANG_WARN_BOOL_CONVERSION = YES;
				CLANG_WARN_COMMA = YES;
				CLANG_WARN_CONSTANT_CONVERSION = YES;
				CLANG_WARN_DEPRECATED_OBJC_IMPLEMENTATIONS = YES;
				CLANG_WARN_DIRECT_OBJC_ISA_USAGE = YES_ERROR;
				CLANG_WARN_DOCUMENTATION_COMMENTS = YES;
				CLANG_WARN_EMPTY_BODY = YES;
				CLANG_WARN_ENUM_CONVERSION = YES;
				CLANG_WARN_INFINITE_RECURSION = YES;
				CLANG_WARN_INT_CONVERSION = YES;
				CLANG_WARN_NON_LITERAL_NULL_CONVERSION = YES;
				CLANG_WARN_OBJC_IMPLICIT_RETAIN_SELF = YES;
				CLANG_WARN_OBJC_LITERAL_CONVERSION = YES;
				CLANG_WARN_OBJC_ROOT_CLASS = YES_ERROR;
				CLANG_WARN_RANGE_LOOP_ANALYSIS = YES;
				CLANG_WARN_STRICT_PROTOTYPES = YES;
				CLANG_WARN_SUSPICIOUS_MOVE = YES;
				CLANG_WARN_UNGUARDED_AVAILABILITY = YES_AGGRESSIVE;
				CLANG_WARN_UNREACHABLE_CODE = YES;
				CLANG_WARN__DUPLICATE_METHOD_MATCH = YES;
				COPY_PHASE_STRIP = NO;
				DEBUG_INFORMATION_FORMAT = dwarf;
				ENABLE_STRICT_OBJC_MSGSEND = YES;
				ENABLE_TESTABILITY = YES;
				GCC_C_LANGUAGE_STANDARD = gnu11;
				GCC_DYNAMIC_NO_PIC = NO;
				GCC_NO_COMMON_BLOCKS = YES;
				GCC_OPTIMIZATION_LEVEL = 0;
				GCC_PREPROCESSOR_DEFINITIONS = (
					"DEBUG=1",
					"$(inherited)",
				);
				GCC_WARN_64_TO_32_BIT_CONVERSION = YES;
				GCC_WARN_ABOUT_RETURN_TYPE = YES_ERROR;
				GCC_WARN_UNDECLARED_SELECTOR = YES;
				GCC_WARN_UNINITIALIZED_AUTOS = YES_AGGRESSIVE;
				GCC_WARN_UNUSED_FUNCTION = YES;
				GCC_WARN_UNUSED_VARIABLE = YES;
				IPHONEOS_DEPLOYMENT_TARGET = 13.6;
				MTL_ENABLE_DEBUG_INFO = INCLUDE_SOURCE;
				MTL_FAST_MATH = YES;
				ONLY_ACTIVE_ARCH = YES;
				SDKROOT = iphoneos;
				SWIFT_ACTIVE_COMPILATION_CONDITIONS = DEBUG;
				SWIFT_OPTIMIZATION_LEVEL = "-Onone";
			};
			name = Debug;
		};
		AF59E8F724D028D700302F94 /* Release */ = {
			isa = XCBuildConfiguration;
			buildSettings = {
				ALWAYS_SEARCH_USER_PATHS = NO;
				CLANG_ANALYZER_NONNULL = YES;
				CLANG_ANALYZER_NUMBER_OBJECT_CONVERSION = YES_AGGRESSIVE;
				CLANG_CXX_LANGUAGE_STANDARD = "gnu++14";
				CLANG_CXX_LIBRARY = "libc++";
				CLANG_ENABLE_MODULES = YES;
				CLANG_ENABLE_OBJC_ARC = YES;
				CLANG_ENABLE_OBJC_WEAK = YES;
				CLANG_WARN_BLOCK_CAPTURE_AUTORELEASING = YES;
				CLANG_WARN_BOOL_CONVERSION = YES;
				CLANG_WARN_COMMA = YES;
				CLANG_WARN_CONSTANT_CONVERSION = YES;
				CLANG_WARN_DEPRECATED_OBJC_IMPLEMENTATIONS = YES;
				CLANG_WARN_DIRECT_OBJC_ISA_USAGE = YES_ERROR;
				CLANG_WARN_DOCUMENTATION_COMMENTS = YES;
				CLANG_WARN_EMPTY_BODY = YES;
				CLANG_WARN_ENUM_CONVERSION = YES;
				CLANG_WARN_INFINITE_RECURSION = YES;
				CLANG_WARN_INT_CONVERSION = YES;
				CLANG_WARN_NON_LITERAL_NULL_CONVERSION = YES;
				CLANG_WARN_OBJC_IMPLICIT_RETAIN_SELF = YES;
				CLANG_WARN_OBJC_LITERAL_CONVERSION = YES;
				CLANG_WARN_OBJC_ROOT_CLASS = YES_ERROR;
				CLANG_WARN_RANGE_LOOP_ANALYSIS = YES;
				CLANG_WARN_STRICT_PROTOTYPES = YES;
				CLANG_WARN_SUSPICIOUS_MOVE = YES;
				CLANG_WARN_UNGUARDED_AVAILABILITY = YES_AGGRESSIVE;
				CLANG_WARN_UNREACHABLE_CODE = YES;
				CLANG_WARN__DUPLICATE_METHOD_MATCH = YES;
				COPY_PHASE_STRIP = NO;
				DEBUG_INFORMATION_FORMAT = "dwarf-with-dsym";
				ENABLE_NS_ASSERTIONS = NO;
				ENABLE_STRICT_OBJC_MSGSEND = YES;
				GCC_C_LANGUAGE_STANDARD = gnu11;
				GCC_NO_COMMON_BLOCKS = YES;
				GCC_WARN_64_TO_32_BIT_CONVERSION = YES;
				GCC_WARN_ABOUT_RETURN_TYPE = YES_ERROR;
				GCC_WARN_UNDECLARED_SELECTOR = YES;
				GCC_WARN_UNINITIALIZED_AUTOS = YES_AGGRESSIVE;
				GCC_WARN_UNUSED_FUNCTION = YES;
				GCC_WARN_UNUSED_VARIABLE = YES;
				IPHONEOS_DEPLOYMENT_TARGET = 13.6;
				MTL_ENABLE_DEBUG_INFO = NO;
				MTL_FAST_MATH = YES;
				SDKROOT = iphoneos;
				SWIFT_COMPILATION_MODE = wholemodule;
				SWIFT_OPTIMIZATION_LEVEL = "-O";
				VALIDATE_PRODUCT = YES;
			};
			name = Release;
		};
		AF59E8F924D028D700302F94 /* Debug */ = {
			isa = XCBuildConfiguration;
			buildSettings = {
				ASSETCATALOG_COMPILER_APPICON_NAME = AppIcon;
				CODE_SIGN_STYLE = Automatic;
				DEVELOPMENT_ASSET_PATHS = "\"YAPAPP/Preview Content\"";
				ENABLE_PREVIEWS = YES;
				INFOPLIST_FILE = YAPAPP/Info.plist;
				LD_RUNPATH_SEARCH_PATHS = (
					"$(inherited)",
					"@executable_path/Frameworks",
				);
				PRODUCT_BUNDLE_IDENTIFIER = "-.YAPAPP";
				PRODUCT_NAME = "$(TARGET_NAME)";
				SWIFT_VERSION = 5.0;
				TARGETED_DEVICE_FAMILY = "1,2";
			};
			name = Debug;
		};
		AF59E8FA24D028D700302F94 /* Release */ = {
			isa = XCBuildConfiguration;
			buildSettings = {
				ASSETCATALOG_COMPILER_APPICON_NAME = AppIcon;
				CODE_SIGN_STYLE = Automatic;
				DEVELOPMENT_ASSET_PATHS = "\"YAPAPP/Preview Content\"";
				ENABLE_PREVIEWS = YES;
				INFOPLIST_FILE = YAPAPP/Info.plist;
				LD_RUNPATH_SEARCH_PATHS = (
					"$(inherited)",
					"@executable_path/Frameworks",
				);
				PRODUCT_BUNDLE_IDENTIFIER = "-.YAPAPP";
				PRODUCT_NAME = "$(TARGET_NAME)";
				SWIFT_VERSION = 5.0;
				TARGETED_DEVICE_FAMILY = "1,2";
			};
			name = Release;
		};
		AF59E8FC24D028D700302F94 /* Debug */ = {
			isa = XCBuildConfiguration;
			buildSettings = {
				ALWAYS_EMBED_SWIFT_STANDARD_LIBRARIES = YES;
				BUNDLE_LOADER = "$(TEST_HOST)";
				CODE_SIGN_STYLE = Automatic;
				INFOPLIST_FILE = YAPAPPTests/Info.plist;
				IPHONEOS_DEPLOYMENT_TARGET = 13.6;
				LD_RUNPATH_SEARCH_PATHS = (
					"$(inherited)",
					"@executable_path/Frameworks",
					"@loader_path/Frameworks",
				);
				PRODUCT_BUNDLE_IDENTIFIER = "-.YAPAPPTests";
				PRODUCT_NAME = "$(TARGET_NAME)";
				SWIFT_VERSION = 5.0;
				TARGETED_DEVICE_FAMILY = "1,2";
				TEST_HOST = "$(BUILT_PRODUCTS_DIR)/YAPAPP.app/YAPAPP";
			};
			name = Debug;
		};
		AF59E8FD24D028D700302F94 /* Release */ = {
			isa = XCBuildConfiguration;
			buildSettings = {
				ALWAYS_EMBED_SWIFT_STANDARD_LIBRARIES = YES;
				BUNDLE_LOADER = "$(TEST_HOST)";
				CODE_SIGN_STYLE = Automatic;
				INFOPLIST_FILE = YAPAPPTests/Info.plist;
				IPHONEOS_DEPLOYMENT_TARGET = 13.6;
				LD_RUNPATH_SEARCH_PATHS = (
					"$(inherited)",
					"@executable_path/Frameworks",
					"@loader_path/Frameworks",
				);
				PRODUCT_BUNDLE_IDENTIFIER = "-.YAPAPPTests";
				PRODUCT_NAME = "$(TARGET_NAME)";
				SWIFT_VERSION = 5.0;
				TARGETED_DEVICE_FAMILY = "1,2";
				TEST_HOST = "$(BUILT_PRODUCTS_DIR)/YAPAPP.app/YAPAPP";
			};
			name = Release;
		};
		AF59E8FF24D028D700302F94 /* Debug */ = {
			isa = XCBuildConfiguration;
			buildSettings = {
				ALWAYS_EMBED_SWIFT_STANDARD_LIBRARIES = YES;
				CODE_SIGN_STYLE = Automatic;
				INFOPLIST_FILE = YAPAPPUITests/Info.plist;
				LD_RUNPATH_SEARCH_PATHS = (
					"$(inherited)",
					"@executable_path/Frameworks",
					"@loader_path/Frameworks",
				);
				PRODUCT_BUNDLE_IDENTIFIER = "-.YAPAPPUITests";
				PRODUCT_NAME = "$(TARGET_NAME)";
				SWIFT_VERSION = 5.0;
				TARGETED_DEVICE_FAMILY = "1,2";
				TEST_TARGET_NAME = YAPAPP;
			};
			name = Debug;
		};
		AF59E90024D028D700302F94 /* Release */ = {
			isa = XCBuildConfiguration;
			buildSettings = {
				ALWAYS_EMBED_SWIFT_STANDARD_LIBRARIES = YES;
				CODE_SIGN_STYLE = Automatic;
				INFOPLIST_FILE = YAPAPPUITests/Info.plist;
				LD_RUNPATH_SEARCH_PATHS = (
					"$(inherited)",
					"@executable_path/Frameworks",
					"@loader_path/Frameworks",
				);
				PRODUCT_BUNDLE_IDENTIFIER = "-.YAPAPPUITests";
				PRODUCT_NAME = "$(TARGET_NAME)";
				SWIFT_VERSION = 5.0;
				TARGETED_DEVICE_FAMILY = "1,2";
				TEST_TARGET_NAME = YAPAPP;
			};
			name = Release;
		};
/* End XCBuildConfiguration section */

/* Begin XCConfigurationList section */
		AF59E8C924D028D100302F94 /* Build configuration list for PBXProject "YAPAPP" */ = {
			isa = XCConfigurationList;
			buildConfigurations = (
				AF59E8F624D028D700302F94 /* Debug */,
				AF59E8F724D028D700302F94 /* Release */,
			);
			defaultConfigurationIsVisible = 0;
			defaultConfigurationName = Release;
		};
		AF59E8F824D028D700302F94 /* Build configuration list for PBXNativeTarget "YAPAPP" */ = {
			isa = XCConfigurationList;
			buildConfigurations = (
				AF59E8F924D028D700302F94 /* Debug */,
				AF59E8FA24D028D700302F94 /* Release */,
			);
			defaultConfigurationIsVisible = 0;
			defaultConfigurationName = Release;
		};
		AF59E8FB24D028D700302F94 /* Build configuration list for PBXNativeTarget "YAPAPPTests" */ = {
			isa = XCConfigurationList;
			buildConfigurations = (
				AF59E8FC24D028D700302F94 /* Debug */,
				AF59E8FD24D028D700302F94 /* Release */,
			);
			defaultConfigurationIsVisible = 0;
			defaultConfigurationName = Release;
		};
		AF59E8FE24D028D700302F94 /* Build configuration list for PBXNativeTarget "YAPAPPUITests" */ = {
			isa = XCConfigurationList;
			buildConfigurations = (
				AF59E8FF24D028D700302F94 /* Debug */,
				AF59E90024D028D700302F94 /* Release */,
			);
			defaultConfigurationIsVisible = 0;
			defaultConfigurationName = Release;
		};
/* End XCConfigurationList section */

/* Begin XCRemoteSwiftPackageReference section */
		AF59E90124D0356100302F94 /* XCRemoteSwiftPackageReference "SDWebImageSwiftUI" */ = {
			isa = XCRemoteSwiftPackageReference;
			repositoryURL = "https://github.com/SDWebImage/SDWebImageSwiftUI.git";
			requirement = {
				kind = upToNextMajorVersion;
				minimumVersion = 1.5.0;
			};
		};
/* End XCRemoteSwiftPackageReference section */

/* Begin XCSwiftPackageProductDependency section */
		AF59E90224D0356100302F94 /* SDWebImageSwiftUI */ = {
			isa = XCSwiftPackageProductDependency;
			package = AF59E90124D0356100302F94 /* XCRemoteSwiftPackageReference "SDWebImageSwiftUI" */;
			productName = SDWebImageSwiftUI;
		};
/* End XCSwiftPackageProductDependency section */
	};
	rootObject = AF59E8C624D028D100302F94 /* Project object */;
}
